<?xml version="1.0" encoding="utf-8"?>
<Project ToolsVersion="4.0" xmlns="http://schemas.microsoft.com/developer/msbuild/2003">
  <ItemGroup>
    <Filter Include="소스 파일">
      <UniqueIdentifier>{4FC737F1-C7A5-4376-A066-2A32D752A2FF}</UniqueIdentifier>
      <Extensions>cpp;c;cc;cxx;def;odl;idl;hpj;bat;asm;asmx</Extensions>
    </Filter>
    <Filter Include="헤더 파일">
      <UniqueIdentifier>{93995380-89BD-4b04-88EB-625FBE52EBFB}</UniqueIdentifier>
      <Extensions>h;hh;hpp;hxx;hm;inl;inc;xsd</Extensions>
    </Filter>
    <Filter Include="리소스 파일">
      <UniqueIdentifier>{67DA6AB6-F800-4c08-8B7A-83BB121AAD01}</UniqueIdentifier>
      <Extensions>rc;ico;cur;bmp;dlg;rc2;rct;bin;rgs;gif;jpg;jpeg;jpe;resx;tiff;tif;png;wav;mfcribbon-ms</Extensions>
    </Filter>
    <Filter Include="2DFramework">
      <UniqueIdentifier>{aea0f49b-6cec-4470-965c-82a7db76b2ed}</UniqueIdentifier>
    </Filter>
    <Filter Include="2DFramework\singletonBase">
      <UniqueIdentifier>{5092fad3-c9b0-4a26-9c7f-0ebc8e709a2e}</UniqueIdentifier>
    </Filter>
    <Filter Include="2DFramework\Manager">
      <UniqueIdentifier>{8a4027b7-dc4f-41ad-af4b-ccf82292becd}</UniqueIdentifier>
    </Filter>
    <Filter Include="2DFramework\utils">
      <UniqueIdentifier>{2dd3b8bb-136a-4e07-9361-6cbbfd621cfb}</UniqueIdentifier>
    </Filter>
    <Filter Include="2DFramework\image">
      <UniqueIdentifier>{bcfaabde-e30e-46e8-bfee-474c3ff3ae3a}</UniqueIdentifier>
    </Filter>
    <Filter Include="2DFramework\txtData">
      <UniqueIdentifier>{6d141351-7b03-4d5f-b90e-2dd814fbfc9e}</UniqueIdentifier>
    </Filter>
    <Filter Include="2DFramework\timer">
      <UniqueIdentifier>{1aed980f-eb9f-4946-ad6d-c5d7bdbab586}</UniqueIdentifier>
    </Filter>
    <Filter Include="2DFramework\animation">
      <UniqueIdentifier>{4b779776-4d65-4046-99a7-06774b2cb660}</UniqueIdentifier>
    </Filter>
    <Filter Include="2DFramework\effect">
      <UniqueIdentifier>{32b0348d-0ccf-4e9a-a7af-ea333b0115d8}</UniqueIdentifier>
    </Filter>
    <Filter Include="2DFramework\action">
      <UniqueIdentifier>{3f3f370e-8e1b-4f86-815d-4200ae13fb4d}</UniqueIdentifier>
    </Filter>
    <Filter Include="MainSwitch">
      <UniqueIdentifier>{ff2e9c6c-d83d-4132-8428-0bf61b226aaa}</UniqueIdentifier>
    </Filter>
    <Filter Include="MainSwitch\MapTool">
      <UniqueIdentifier>{3b29007e-3591-4346-b1d2-f1cc213f66a8}</UniqueIdentifier>
    </Filter>
    <Filter Include="MainSwitch\MainGame">
      <UniqueIdentifier>{11d3f6ef-dc62-4c2d-b451-97891484748e}</UniqueIdentifier>
    </Filter>
    <Filter Include="TileNode">
      <UniqueIdentifier>{2788575f-b898-4929-9315-e9bed05645c7}</UniqueIdentifier>
    </Filter>
    <Filter Include="MainSwitch\MapTool\SelectTile">
      <UniqueIdentifier>{90276a54-22a7-4924-a272-45230c041a13}</UniqueIdentifier>
    </Filter>
    <Filter Include="MainSwitch\MapTool\SelectTile\tile_TR">
      <UniqueIdentifier>{c9f8ed48-74b6-4c9b-aa08-2f5daef03422}</UniqueIdentifier>
    </Filter>
    <Filter Include="MainSwitch\MapTool\SelectTile\tile_Obj">
      <UniqueIdentifier>{a55f4555-0bbe-4793-ac53-5d81a9775565}</UniqueIdentifier>
    </Filter>
    <Filter Include="MainSwitch\MapTool\SelectTile\tile_Event">
      <UniqueIdentifier>{f54ab831-c5cf-40a7-a58c-6f55751d4ca9}</UniqueIdentifier>
    </Filter>
    <Filter Include="MainSwitch\MapTool\SelectTile\tile_Chracter">
      <UniqueIdentifier>{366970cf-962a-4122-a252-f44e78639e10}</UniqueIdentifier>
    </Filter>
    <Filter Include="MainSwitch\MapTool\drawingArea">
      <UniqueIdentifier>{6af290e9-233c-4c72-8f4c-4345aca5bc60}</UniqueIdentifier>
    </Filter>
    <Filter Include="MainSwitch\MainGame\item">
      <UniqueIdentifier>{e32b8429-d2dd-414e-9c91-44a4d8181982}</UniqueIdentifier>
    </Filter>
    <Filter Include="MainSwitch\MainGame\object">
      <UniqueIdentifier>{d746e274-d0a2-4584-826c-a337f185f2a5}</UniqueIdentifier>
    </Filter>
    <Filter Include="MainSwitch\MainGame\enemy">
      <UniqueIdentifier>{965d7451-3766-4ed6-8436-25714eb0af3f}</UniqueIdentifier>
    </Filter>
    <Filter Include="MainSwitch\MainGame\player">
      <UniqueIdentifier>{5135b81c-1bc0-4245-ba61-0293fe70b533}</UniqueIdentifier>
    </Filter>
    <Filter Include="MainSwitch\MainGame\inventory">
      <UniqueIdentifier>{bc6c9ad3-7700-4d78-8974-41e893abe95d}</UniqueIdentifier>
    </Filter>
    <Filter Include="MainSwitch\MainGame\scene">
      <UniqueIdentifier>{d021bbe6-ffb4-4532-99bf-d5ba8470dd75}</UniqueIdentifier>
    </Filter>
    <Filter Include="MainSwitch\MainGame\A%2a">
      <UniqueIdentifier>{53bb04a5-fc43-4d67-a770-b0f20e1f26df}</UniqueIdentifier>
    </Filter>
    <Filter Include="MainSwitch\MainGame\shop">
      <UniqueIdentifier>{2337107d-4192-4c3e-af12-c3a8501b849b}</UniqueIdentifier>
    </Filter>
  </ItemGroup>
  <ItemGroup>
    <Text Include="ReadMe.txt" />
  </ItemGroup>
  <ItemGroup>
    <ClInclude Include="stdafx.h">
      <Filter>헤더 파일</Filter>
    </ClInclude>
    <ClInclude Include="targetver.h">
      <Filter>헤더 파일</Filter>
    </ClInclude>
    <ClInclude Include="Resource.h">
      <Filter>헤더 파일</Filter>
    </ClInclude>
    <ClInclude Include="commonMacroFunction.h">
      <Filter>헤더 파일</Filter>
    </ClInclude>
    <ClInclude Include="singletonBase.h">
      <Filter>2DFramework\singletonBase</Filter>
    </ClInclude>
    <ClInclude Include="randomFunction.h">
      <Filter>헤더 파일</Filter>
    </ClInclude>
    <ClInclude Include="gameNode.h">
      <Filter>2DFramework</Filter>
    </ClInclude>
    <ClInclude Include="mainGame.h">
      <Filter>MainSwitch\MainGame</Filter>
    </ClInclude>
    <ClInclude Include="keyManager.h">
      <Filter>2DFramework\Manager</Filter>
    </ClInclude>
    <ClInclude Include="utils.h">
      <Filter>2DFramework\utils</Filter>
    </ClInclude>
    <ClInclude Include="image.h">
      <Filter>2DFramework\image</Filter>
    </ClInclude>
    <ClInclude Include="imageManager.h">
      <Filter>2DFramework\Manager</Filter>
    </ClInclude>
    <ClInclude Include="collision.h">
      <Filter>2DFramework\utils</Filter>
    </ClInclude>
    <ClInclude Include="txtData.h">
      <Filter>2DFramework\txtData</Filter>
    </ClInclude>
    <ClInclude Include="timer.h">
      <Filter>2DFramework\timer</Filter>
    </ClInclude>
    <ClInclude Include="timeManager.h">
      <Filter>2DFramework\Manager</Filter>
    </ClInclude>
    <ClInclude Include="soundManager.h">
      <Filter>2DFramework\Manager</Filter>
    </ClInclude>
    <ClInclude Include="animation.h">
      <Filter>2DFramework\animation</Filter>
    </ClInclude>
    <ClInclude Include="effect.h">
      <Filter>2DFramework\effect</Filter>
    </ClInclude>
    <ClInclude Include="effectManager.h">
      <Filter>2DFramework\Manager</Filter>
    </ClInclude>
    <ClInclude Include="iniDataManager.h">
      <Filter>2DFramework\Manager</Filter>
    </ClInclude>
    <ClInclude Include="sceneManager.h">
      <Filter>2DFramework\Manager</Filter>
    </ClInclude>
    <ClInclude Include="action.h">
      <Filter>2DFramework\action</Filter>
    </ClInclude>
    <ClInclude Include="keyAniManager.h">
      <Filter>2DFramework\Manager</Filter>
    </ClInclude>
    <ClInclude Include="mapTool.h">
      <Filter>MainSwitch\MapTool</Filter>
    </ClInclude>
    <ClInclude Include="mainSwitch.h">
      <Filter>MainSwitch</Filter>
    </ClInclude>
    <ClInclude Include="Select_TR.h">
      <Filter>MainSwitch\MapTool\SelectTile\tile_TR</Filter>
    </ClInclude>
    <ClInclude Include="Select_Obj.h">
      <Filter>MainSwitch\MapTool\SelectTile\tile_Obj</Filter>
    </ClInclude>
    <ClInclude Include="Select_Event.h">
      <Filter>MainSwitch\MapTool\SelectTile\tile_Event</Filter>
    </ClInclude>
    <ClInclude Include="Select_character.h">
      <Filter>MainSwitch\MapTool\SelectTile\tile_Chracter</Filter>
    </ClInclude>
    <ClInclude Include="SelectTile.h">
      <Filter>MainSwitch\MapTool\SelectTile</Filter>
    </ClInclude>
    <ClInclude Include="drawArea.h">
      <Filter>MainSwitch\MapTool\drawingArea</Filter>
    </ClInclude>
    <ClInclude Include="tileInfoManager.h">
      <Filter>2DFramework\Manager</Filter>
    </ClInclude>
    <ClInclude Include="tileNode.h">
      <Filter>TileNode</Filter>
    </ClInclude>
    <ClInclude Include="itemParent.h">
      <Filter>MainSwitch\MainGame\item</Filter>
    </ClInclude>
    <ClInclude Include="objectParent.h">
      <Filter>MainSwitch\MainGame\object</Filter>
    </ClInclude>
    <ClInclude Include="enemyParent.h">
      <Filter>MainSwitch\MainGame\enemy</Filter>
    </ClInclude>
    <ClInclude Include="enemyManager.h">
      <Filter>MainSwitch\MainGame\enemy</Filter>
    </ClInclude>
    <ClInclude Include="player.h">
      <Filter>MainSwitch\MainGame\player</Filter>
    </ClInclude>
    <ClInclude Include="inventory.h">
      <Filter>MainSwitch\MainGame\inventory</Filter>
    </ClInclude>
    <ClInclude Include="bow.h">
      <Filter>MainSwitch\MainGame\item</Filter>
    </ClInclude>
    <ClInclude Include="boomerang.h">
      <Filter>MainSwitch\MainGame\item</Filter>
    </ClInclude>
    <ClInclude Include="potion.h">
      <Filter>MainSwitch\MainGame\item</Filter>
    </ClInclude>
    <ClInclude Include="tile.h">
      <Filter>TileNode</Filter>
    </ClInclude>
    <ClInclude Include="aStar.h">
      <Filter>MainSwitch\MainGame\A%2a</Filter>
    </ClInclude>
    <ClInclude Include="aStarTile.h">
      <Filter>MainSwitch\MainGame\A%2a</Filter>
    </ClInclude>
    <ClInclude Include="GreenSolider.h">
      <Filter>MainSwitch\MainGame\enemy</Filter>
    </ClInclude>
    <ClInclude Include="HPMaterial.h">
      <Filter>MainSwitch\MainGame\item</Filter>
    </ClInclude>
    <ClInclude Include="heart.h">
      <Filter>MainSwitch\MainGame\item</Filter>
    </ClInclude>
    <ClInclude Include="shop.h">
      <Filter>MainSwitch\MainGame\shop</Filter>
    </ClInclude>
    <ClInclude Include="cameraManager.h">
      <Filter>2DFramework\Manager</Filter>
    </ClInclude>
    <ClInclude Include="arrow.h">
      <Filter>MainSwitch\MainGame\item</Filter>
    </ClInclude>
    <ClInclude Include="nameInput.h">
      <Filter>MainSwitch\MainGame\scene</Filter>
    </ClInclude>
    <ClInclude Include="saveLoad.h">
      <Filter>MainSwitch\MainGame\scene</Filter>
    </ClInclude>
    <ClInclude Include="title.h">
      <Filter>MainSwitch\MainGame\scene</Filter>
    </ClInclude>
  </ItemGroup>
  <ItemGroup>
    <ClCompile Include="stdafx.cpp">
      <Filter>소스 파일</Filter>
    </ClCompile>
    <ClCompile Include="winMain.cpp">
      <Filter>소스 파일</Filter>
    </ClCompile>
    <ClCompile Include="gameNode.cpp">
      <Filter>2DFramework</Filter>
    </ClCompile>
    <ClCompile Include="mainGame.cpp">
      <Filter>MainSwitch\MainGame</Filter>
    </ClCompile>
    <ClCompile Include="keyManager.cpp">
      <Filter>2DFramework\Manager</Filter>
    </ClCompile>
    <ClCompile Include="utils.cpp">
      <Filter>2DFramework\utils</Filter>
    </ClCompile>
    <ClCompile Include="image.cpp">
      <Filter>2DFramework\image</Filter>
    </ClCompile>
    <ClCompile Include="imageManager.cpp">
      <Filter>2DFramework\Manager</Filter>
    </ClCompile>
    <ClCompile Include="collision.cpp">
      <Filter>2DFramework\utils</Filter>
    </ClCompile>
    <ClCompile Include="txtData.cpp">
      <Filter>2DFramework\txtData</Filter>
    </ClCompile>
    <ClCompile Include="timer.cpp">
      <Filter>2DFramework\timer</Filter>
    </ClCompile>
    <ClCompile Include="timeManager.cpp">
      <Filter>2DFramework\Manager</Filter>
    </ClCompile>
    <ClCompile Include="soundManager.cpp">
      <Filter>2DFramework\Manager</Filter>
    </ClCompile>
    <ClCompile Include="animation.cpp">
      <Filter>2DFramework\animation</Filter>
    </ClCompile>
    <ClCompile Include="effect.cpp">
      <Filter>2DFramework\effect</Filter>
    </ClCompile>
    <ClCompile Include="effectManager.cpp">
      <Filter>2DFramework\Manager</Filter>
    </ClCompile>
    <ClCompile Include="iniDataManager.cpp">
      <Filter>2DFramework\Manager</Filter>
    </ClCompile>
    <ClCompile Include="sceneManager.cpp">
      <Filter>2DFramework\Manager</Filter>
    </ClCompile>
    <ClCompile Include="action.cpp">
      <Filter>2DFramework\action</Filter>
    </ClCompile>
    <ClCompile Include="keyAniManager.cpp">
      <Filter>2DFramework\Manager</Filter>
    </ClCompile>
    <ClCompile Include="mapTool.cpp">
      <Filter>MainSwitch\MapTool</Filter>
    </ClCompile>
    <ClCompile Include="mainSwitch.cpp">
      <Filter>MainSwitch</Filter>
    </ClCompile>
    <ClCompile Include="mainSwitch_ImageSet.cpp">
      <Filter>MainSwitch</Filter>
    </ClCompile>
    <ClCompile Include="Select_TR.cpp">
      <Filter>MainSwitch\MapTool\SelectTile\tile_TR</Filter>
    </ClCompile>
    <ClCompile Include="Select_Obj.cpp">
      <Filter>MainSwitch\MapTool\SelectTile\tile_Obj</Filter>
    </ClCompile>
    <ClCompile Include="Select_Event.cpp">
      <Filter>MainSwitch\MapTool\SelectTile\tile_Event</Filter>
    </ClCompile>
    <ClCompile Include="Select_character.cpp">
      <Filter>MainSwitch\MapTool\SelectTile\tile_Chracter</Filter>
    </ClCompile>
    <ClCompile Include="SelectTile.cpp">
      <Filter>MainSwitch\MapTool\SelectTile</Filter>
    </ClCompile>
    <ClCompile Include="drawArea.cpp">
      <Filter>MainSwitch\MapTool\drawingArea</Filter>
    </ClCompile>
    <ClCompile Include="tileInfoManager.cpp">
      <Filter>2DFramework\Manager</Filter>
    </ClCompile>
    <ClCompile Include="itemParent.cpp">
      <Filter>MainSwitch\MainGame\item</Filter>
    </ClCompile>
    <ClCompile Include="objectParent.cpp">
      <Filter>MainSwitch\MainGame\object</Filter>
    </ClCompile>
    <ClCompile Include="enemyParent.cpp">
      <Filter>MainSwitch\MainGame\enemy</Filter>
    </ClCompile>
    <ClCompile Include="enemyManager.cpp">
      <Filter>MainSwitch\MainGame\enemy</Filter>
    </ClCompile>
    <ClCompile Include="player.cpp">
      <Filter>MainSwitch\MainGame\player</Filter>
    </ClCompile>
    <ClCompile Include="inventory.cpp">
      <Filter>MainSwitch\MainGame\inventory</Filter>
    </ClCompile>
    <ClCompile Include="bow.cpp">
      <Filter>MainSwitch\MainGame\item</Filter>
    </ClCompile>
    <ClCompile Include="boomerang.cpp">
      <Filter>MainSwitch\MainGame\item</Filter>
    </ClCompile>
    <ClCompile Include="potion.cpp">
      <Filter>MainSwitch\MainGame\item</Filter>
    </ClCompile>
    <ClCompile Include="tile.cpp">
      <Filter>TileNode</Filter>
    </ClCompile>
    <ClCompile Include="aStar.cpp">
      <Filter>MainSwitch\MainGame\A%2a</Filter>
    </ClCompile>
    <ClCompile Include="aStarTile.cpp">
      <Filter>MainSwitch\MainGame\A%2a</Filter>
    </ClCompile>
    <ClCompile Include="GreenSolider.cpp">
      <Filter>MainSwitch\MainGame\enemy</Filter>
    </ClCompile>
    <ClCompile Include="HPMaterial.cpp">
      <Filter>MainSwitch\MainGame\item</Filter>
    </ClCompile>
    <ClCompile Include="heart.cpp">
      <Filter>MainSwitch\MainGame\item</Filter>
    </ClCompile>
    <ClCompile Include="shop.cpp">
      <Filter>MainSwitch\MainGame\shop</Filter>
    </ClCompile>
    <ClCompile Include="cameraManager.cpp">
      <Filter>2DFramework\Manager</Filter>
    </ClCompile>
    <ClCompile Include="arrow.cpp">
      <Filter>MainSwitch\MainGame\item</Filter>
    </ClCompile>
    <ClCompile Include="nameInput.cpp">
      <Filter>MainSwitch\MainGame\scene</Filter>
    </ClCompile>
    <ClCompile Include="saveLoad.cpp">
      <Filter>MainSwitch\MainGame\scene</Filter>
    </ClCompile>
    <ClCompile Include="title.cpp">
      <Filter>MainSwitch\MainGame\scene</Filter>
    </ClCompile>
  </ItemGroup>
</Project>